
Microsoft Visual Studio Solution File, Format Version 12.00
# Visual Studio Version 17
VisualStudioVersion = 17.5.33530.505
MinimumVisualStudioVersion = 10.0.40219.1
Project("{FAE04EC0-301F-11D3-BF4B-00C04F79EFBC}") = "Praktikum2.4_V4_Git", "Praktikum2.4_V4_Git.csproj", "{F38FF921-0B00-4B22-9161-503708A69286}"
EndProject
Global
	GlobalSection(SolutionConfigurationPlatforms) = preSolution
		Debug|Any CPU = Debug|Any CPU
		Release|Any CPU = Release|Any CPU
	EndGlobalSection
	GlobalSection(ProjectConfigurationPlatforms) = postSolution
		{F38FF921-0B00-4B22-9161-503708A69286}.Debug|Any CPU.ActiveCfg = Debug|Any CPU
		{F38FF921-0B00-4B22-9161-503708A69286}.Debug|Any CPU.Build.0 = Debug|Any CPU
		{F38FF921-0B00-4B22-9161-503708A69286}.Release|Any CPU.ActiveCfg = Release|Any CPU
		{F38FF921-0B00-4B22-9161-503708A69286}.Release|Any CPU.Build.0 = Release|Any CPU
	EndGlobalSection
	GlobalSection(SolutionProperties) = preSolution
		HideSolutionNode = FALSE
	EndGlobalSection
	GlobalSection(ExtensibilityGlobals) = postSolution
		SolutionGuid = {89DFE56B-5D84-4BC0-9CAD-8BA2BBDF6A8E}
	EndGlobalSection
EndGlobal
